
Microsoft Visual Studio Solution File, Format Version 12.00
# Visual Studio 14
VisualStudioVersion = 14.0.25420.1
MinimumVisualStudioVersion = 10.0.40219.1
Project("{D954291E-2A0B-460D-934E-DC6B0785DB48}") = "HelloXamarinFormsSAP", "HelloXamarinFormsSAP\HelloXamarinFormsSAP\HelloXamarinFormsSAP.shproj", "{6AF39FB8-2818-4811-A51B-DCF0289B7CFA}"
EndProject
Project("{FAE04EC0-301F-11D3-BF4B-00C04F79EFBC}") = "HelloXamarinFormsSAP.Droid", "HelloXamarinFormsSAP\HelloXamarinFormsSAP.Droid\HelloXamarinFormsSAP.Droid.csproj", "{04EC7BBF-696B-4DFC-975D-1EE3E69A4ED2}"
EndProject
Project("{FAE04EC0-301F-11D3-BF4B-00C04F79EFBC}") = "HelloXamarinFormsSAP.iOS", "HelloXamarinFormsSAP\HelloXamarinFormsSAP.iOS\HelloXamarinFormsSAP.iOS.csproj", "{DEDDDA50-3BD4-43CB-912B-ABF5E71D61AF}"
EndProject
Global
	GlobalSection(SharedMSBuildProjectFiles) = preSolution
		HelloXamarinFormsSAP\HelloXamarinFormsSAP\HelloXamarinFormsSAP.projitems*{04ec7bbf-696b-4dfc-975d-1ee3e69a4ed2}*SharedItemsImports = 4
		HelloXamarinFormsSAP\HelloXamarinFormsSAP\HelloXamarinFormsSAP.projitems*{6af39fb8-2818-4811-a51b-dcf0289b7cfa}*SharedItemsImports = 13
		HelloXamarinFormsSAP\HelloXamarinFormsSAP\HelloXamarinFormsSAP.projitems*{deddda50-3bd4-43cb-912b-abf5e71d61af}*SharedItemsImports = 4
	EndGlobalSection
	GlobalSection(SolutionConfigurationPlatforms) = preSolution
		Ad-Hoc|Any CPU = Ad-Hoc|Any CPU
		Ad-Hoc|iPhone = Ad-Hoc|iPhone
		Ad-Hoc|iPhoneSimulator = Ad-Hoc|iPhoneSimulator
		AppStore|Any CPU = AppStore|Any CPU
		AppStore|iPhone = AppStore|iPhone
		AppStore|iPhoneSimulator = AppStore|iPhoneSimulator
		Debug|Any CPU = Debug|Any CPU
		Debug|iPhone = Debug|iPhone
		Debug|iPhoneSimulator = Debug|iPhoneSimulator
		Release|Any CPU = Release|Any CPU
		Release|iPhone = Release|iPhone
		Release|iPhoneSimulator = Release|iPhoneSimulator
	EndGlobalSection
	GlobalSection(ProjectConfigurationPlatforms) = postSolution
		{04EC7BBF-696B-4DFC-975D-1EE3E69A4ED2}.Ad-Hoc|Any CPU.ActiveCfg = Release|Any CPU
		{04EC7BBF-696B-4DFC-975D-1EE3E69A4ED2}.Ad-Hoc|Any CPU.Build.0 = Release|Any CPU
		{04EC7BBF-696B-4DFC-975D-1EE3E69A4ED2}.Ad-Hoc|Any CPU.Deploy.0 = Release|Any CPU
		{04EC7BBF-696B-4DFC-975D-1EE3E69A4ED2}.Ad-Hoc|iPhone.ActiveCfg = Release|Any CPU
		{04EC7BBF-696B-4DFC-975D-1EE3E69A4ED2}.Ad-Hoc|iPhone.Build.0 = Release|Any CPU
		{04EC7BBF-696B-4DFC-975D-1EE3E69A4ED2}.Ad-Hoc|iPhone.Deploy.0 = Release|Any CPU
		{04EC7BBF-696B-4DFC-975D-1EE3E69A4ED2}.Ad-Hoc|iPhoneSimulator.ActiveCfg = Release|Any CPU
		{04EC7BBF-696B-4DFC-975D-1EE3E69A4ED2}.Ad-Hoc|iPhoneSimulator.Build.0 = Release|Any CPU
		{04EC7BBF-696B-4DFC-975D-1EE3E69A4ED2}.Ad-Hoc|iPhoneSimulator.Deploy.0 = Release|Any CPU
		{04EC7BBF-696B-4DFC-975D-1EE3E69A4ED2}.AppStore|Any CPU.ActiveCfg = Release|Any CPU
		{04EC7BBF-696B-4DFC-975D-1EE3E69A4ED2}.AppStore|Any CPU.Build.0 = Release|Any CPU
		{04EC7BBF-696B-4DFC-975D-1EE3E69A4ED2}.AppStore|Any CPU.Deploy.0 = Release|Any CPU
		{04EC7BBF-696B-4DFC-975D-1EE3E69A4ED2}.AppStore|iPhone.ActiveCfg = Release|Any CPU
		{04EC7BBF-696B-4DFC-975D-1EE3E69A4ED2}.AppStore|iPhone.Build.0 = Release|Any CPU
		{04EC7BBF-696B-4DFC-975D-1EE3E69A4ED2}.AppStore|iPhone.Deploy.0 = Release|Any CPU
		{04EC7BBF-696B-4DFC-975D-1EE3E69A4ED2}.AppStore|iPhoneSimulator.ActiveCfg = Release|Any CPU
		{04EC7BBF-696B-4DFC-975D-1EE3E69A4ED2}.AppStore|iPhoneSimulator.Build.0 = Release|Any CPU
		{04EC7BBF-696B-4DFC-975D-1EE3E69A4ED2}.AppStore|iPhoneSimulator.Deploy.0 = Release|Any CPU
		{04EC7BBF-696B-4DFC-975D-1EE3E69A4ED2}.Debug|Any CPU.ActiveCfg = Debug|Any CPU
		{04EC7BBF-696B-4DFC-975D-1EE3E69A4ED2}.Debug|Any CPU.Build.0 = Debug|Any CPU
		{04EC7BBF-696B-4DFC-975D-1EE3E69A4ED2}.Debug|Any CPU.Deploy.0 = Debug|Any CPU
		{04EC7BBF-696B-4DFC-975D-1EE3E69A4ED2}.Debug|iPhone.ActiveCfg = Debug|Any CPU
		{04EC7BBF-696B-4DFC-975D-1EE3E69A4ED2}.Debug|iPhone.Build.0 = Debug|Any CPU
		{04EC7BBF-696B-4DFC-975D-1EE3E69A4ED2}.Debug|iPhone.Deploy.0 = Debug|Any CPU
		{04EC7BBF-696B-4DFC-975D-1EE3E69A4ED2}.Debug|iPhoneSimulator.ActiveCfg = Debug|Any CPU
		{04EC7BBF-696B-4DFC-975D-1EE3E69A4ED2}.Debug|iPhoneSimulator.Build.0 = Debug|Any CPU
		{04EC7BBF-696B-4DFC-975D-1EE3E69A4ED2}.Debug|iPhoneSimulator.Deploy.0 = Debug|Any CPU
		{04EC7BBF-696B-4DFC-975D-1EE3E69A4ED2}.Release|Any CPU.ActiveCfg = Release|Any CPU
		{04EC7BBF-696B-4DFC-975D-1EE3E69A4ED2}.Release|Any CPU.Build.0 = Release|Any CPU
		{04EC7BBF-696B-4DFC-975D-1EE3E69A4ED2}.Release|Any CPU.Deploy.0 = Release|Any CPU
		{04EC7BBF-696B-4DFC-975D-1EE3E69A4ED2}.Release|iPhone.ActiveCfg = Release|Any CPU
		{04EC7BBF-696B-4DFC-975D-1EE3E69A4ED2}.Release|iPhone.Build.0 = Release|Any CPU
		{04EC7BBF-696B-4DFC-975D-1EE3E69A4ED2}.Release|iPhone.Deploy.0 = Release|Any CPU
		{04EC7BBF-696B-4DFC-975D-1EE3E69A4ED2}.Release|iPhoneSimulator.ActiveCfg = Release|Any CPU
		{04EC7BBF-696B-4DFC-975D-1EE3E69A4ED2}.Release|iPhoneSimulator.Build.0 = Release|Any CPU
		{04EC7BBF-696B-4DFC-975D-1EE3E69A4ED2}.Release|iPhoneSimulator.Deploy.0 = Release|Any CPU
		{DEDDDA50-3BD4-43CB-912B-ABF5E71D61AF}.Ad-Hoc|Any CPU.ActiveCfg = Ad-Hoc|iPhone
		{DEDDDA50-3BD4-43CB-912B-ABF5E71D61AF}.Ad-Hoc|iPhone.ActiveCfg = Ad-Hoc|iPhone
		{DEDDDA50-3BD4-43CB-912B-ABF5E71D61AF}.Ad-Hoc|iPhone.Build.0 = Ad-Hoc|iPhone
		{DEDDDA50-3BD4-43CB-912B-ABF5E71D61AF}.Ad-Hoc|iPhoneSimulator.ActiveCfg = Ad-Hoc|iPhoneSimulator
		{DEDDDA50-3BD4-43CB-912B-ABF5E71D61AF}.Ad-Hoc|iPhoneSimulator.Build.0 = Ad-Hoc|iPhoneSimulator
		{DEDDDA50-3BD4-43CB-912B-ABF5E71D61AF}.AppStore|Any CPU.ActiveCfg = AppStore|iPhone
		{DEDDDA50-3BD4-43CB-912B-ABF5E71D61AF}.AppStore|iPhone.ActiveCfg = AppStore|iPhone
		{DEDDDA50-3BD4-43CB-912B-ABF5E71D61AF}.AppStore|iPhone.Build.0 = AppStore|iPhone
		{DEDDDA50-3BD4-43CB-912B-ABF5E71D61AF}.AppStore|iPhoneSimulator.ActiveCfg = AppStore|iPhoneSimulator
		{DEDDDA50-3BD4-43CB-912B-ABF5E71D61AF}.AppStore|iPhoneSimulator.Build.0 = AppStore|iPhoneSimulator
		{DEDDDA50-3BD4-43CB-912B-ABF5E71D61AF}.Debug|Any CPU.ActiveCfg = Debug|iPhone
		{DEDDDA50-3BD4-43CB-912B-ABF5E71D61AF}.Debug|iPhone.ActiveCfg = Debug|iPhone
		{DEDDDA50-3BD4-43CB-912B-ABF5E71D61AF}.Debug|iPhone.Build.0 = Debug|iPhone
		{DEDDDA50-3BD4-43CB-912B-ABF5E71D61AF}.Debug|iPhoneSimulator.ActiveCfg = Debug|iPhoneSimulator
		{DEDDDA50-3BD4-43CB-912B-ABF5E71D61AF}.Debug|iPhoneSimulator.Build.0 = Debug|iPhoneSimulator
		{DEDDDA50-3BD4-43CB-912B-ABF5E71D61AF}.Release|Any CPU.ActiveCfg = Release|iPhone
		{DEDDDA50-3BD4-43CB-912B-ABF5E71D61AF}.Release|iPhone.ActiveCfg = Release|iPhone
		{DEDDDA50-3BD4-43CB-912B-ABF5E71D61AF}.Release|iPhone.Build.0 = Release|iPhone
		{DEDDDA50-3BD4-43CB-912B-ABF5E71D61AF}.Release|iPhoneSimulator.ActiveCfg = Release|iPhoneSimulator
		{DEDDDA50-3BD4-43CB-912B-ABF5E71D61AF}.Release|iPhoneSimulator.Build.0 = Release|iPhoneSimulator
	EndGlobalSection
	GlobalSection(SolutionProperties) = preSolution
		HideSolutionNode = FALSE
	EndGlobalSection
EndGlobal
